<?xml version="1.0" encoding="UTF-8"?>
<Scheme
   version = "1.3">
   <BuildAction>
      <BuildActionEntries>
         <BuildActionEntry
            buildForRunning = "YES">
            <BuildableReference
               BuildableIdentifier = "primary"
               BlueprintIdentifier = "7E1C77C7264457CE0093AC5D"
               BuildableName = "100_Days_Project_1.app"
               BlueprintName = "100_Days_Project_1"
               ReferencedContainer = "container:100_Days_Project_1.xcodeproj">
            </BuildableReference>
         </BuildActionEntry>
      </BuildActionEntries>
   </BuildAction>
   <LaunchAction
      useCustomWorkingDirectory = "NO"
      buildConfiguration = "Debug"
      allowLocationSimulation = "YES">
      <BuildableProductRunnable>
         <BuildableReference
            BuildableIdentifier = "primary"
            BlueprintIdentifier = "7E1C77C7264457CE0093AC5D"
            BuildableName = "100_Days_Project_1.app"
            BlueprintName = "100_Days_Project_1"
            ReferencedContainer = "container:100_Days_Project_1.xcodeproj">
         </BuildableReference>
      </BuildableProductRunnable>
   </LaunchAction>
</Scheme>
